{
  "name": "multi-stage-dockerfile",
  "version": "1.0.0",
  "lockfileVersion": 3,
  "requires": true,
  "packages": {
    "": {
      "name": "multi-stage-dockerfile",
      "version": "1.0.0",
      "license": "ISC",
      "dependencies": {
        "b": "^2.0.1",
        "urid": "^1.1.0"
      }
    },
    "node_modules/b": {
      "version": "2.0.1",
      "resolved": "https://registry.npmjs.org/b/-/b-2.0.1.tgz",
      "integrity": "sha512-JBWAj6f91ocNLbdg1jCGrxHXSWbQDsxgqVmKeO0TellEcq9LCvJ97iWG6p3otCt/v08/hHrWwAB9vNYS9y70IQ==",
      "engines": {
        "node": ">= 0.8.0"
      }
    },
    "node_modules/urid": {
      "version": "1.1.0",
      "resolved": "https://registry.npmjs.org/urid/-/urid-1.1.0.tgz",
      "integrity": "sha512-8fBzDnX60oq4B0ZXlNVjFBx4NY/kotJ0GmgCcdC64BgaDBwvyqyDka8rLHsT/dcgjFL8rffkhKgOAdQlnkEwLA==",
      "license": "MIT"
    }
  }
}
